
Microsoft Visual Studio Solution File, Format Version 12.00
# Visual Studio Version 16
VisualStudioVersion = 16.0.29326.143
MinimumVisualStudioVersion = 10.0.40219.1
Project("{FAE04EC0-301F-11D3-BF4B-00C04F79EFBC}") = "CalculatorApp", "CalculatorApp.csproj", "{7F434DC7-D9B9-4D1E-828B-FF88CE517499}"
EndProject
Project("{FAE04EC0-301F-11D3-BF4B-00C04F79EFBC}") = "Tests", "..\Tests\Tests.csproj", "{5B3CC37B-363F-4C80-AF60-DBBE3951EC3D}"
EndProject
Global
	GlobalSection(SolutionConfigurationPlatforms) = preSolution
		Debug|Any CPU = Debug|Any CPU
		Release|Any CPU = Release|Any CPU
	EndGlobalSection
	GlobalSection(ProjectConfigurationPlatforms) = postSolution
		{7F434DC7-D9B9-4D1E-828B-FF88CE517499}.Debug|Any CPU.ActiveCfg = Debug|Any CPU
		{7F434DC7-D9B9-4D1E-828B-FF88CE517499}.Debug|Any CPU.Build.0 = Debug|Any CPU
		{7F434DC7-D9B9-4D1E-828B-FF88CE517499}.Release|Any CPU.ActiveCfg = Release|Any CPU
		{7F434DC7-D9B9-4D1E-828B-FF88CE517499}.Release|Any CPU.Build.0 = Release|Any CPU
		{5B3CC37B-363F-4C80-AF60-DBBE3951EC3D}.Debug|Any CPU.ActiveCfg = Debug|Any CPU
		{5B3CC37B-363F-4C80-AF60-DBBE3951EC3D}.Debug|Any CPU.Build.0 = Debug|Any CPU
		{5B3CC37B-363F-4C80-AF60-DBBE3951EC3D}.Release|Any CPU.ActiveCfg = Release|Any CPU
		{5B3CC37B-363F-4C80-AF60-DBBE3951EC3D}.Release|Any CPU.Build.0 = Release|Any CPU
	EndGlobalSection
	GlobalSection(SolutionProperties) = preSolution
		HideSolutionNode = FALSE
	EndGlobalSection
	GlobalSection(ExtensibilityGlobals) = postSolution
		SolutionGuid = {DE2DCEA5-E7AE-4684-BAE5-5338250506F9}
	EndGlobalSection
EndGlobal
